(list (channel
       (name 'guix)
       (url "https://git.guix.gnu.org/guix.git")
       (branch "master")
       (commit "7d72c5d1764e1e63fda4b752a037bd6def876fb3")
       (introduction
        (make-channel-introduction
         "9edb3f66fd807b096b48283debdcddccfea34bad"
         (openpgp-fingerprint
          "BBB0 2DDF 2CEA F6A8 0D1D  E643 A2A0 6DF2 A33A 54FA"))))
      (channel
       (name 'bluebox)
       (url "https://codeberg.org/lapislazuli/bluebox")
       (branch "main")
       (commit "a5b2168123bcc236f79cbb4f1c5d4cf5412ee31d")
       (introduction
        (make-channel-introduction
         "63350484aaacc362aea28fb14236019fced4050f"
         (openpgp-fingerprint
          "5132 3571 CEED 988F 52FC  467C 6F98 DBF3 EA7F 4B37"))))
      (channel
       (name 'jeans)
       (url "https://github.com/ShineBreaker/jeans.git")
       (branch "main")
       (commit "67d12787f969e6e4aeac1781be6314c483a63f79")
       (introduction
        (make-channel-introduction
         "1e30ccbcaef375169d453d89d8186137bc32d9e8"
         (openpgp-fingerprint
          "6271 1D5E 9CCD EC69 07CA  DBF8 8637 1322 2257 1907"))))
      (channel
       (name 'nonguix)
       (url "https://gitlab.com/nonguix/nonguix")
       (branch "master")
       (commit "c0192e90a52cafb4d33b04734cbe9bbedd703a04")
       (introduction
        (make-channel-introduction
         "897c1a470da759236cc11798f4e0a5f7d4d59fbc"
         (openpgp-fingerprint
          "2A39 3FFF 68F4 EF7A 3D29  12AF 6F51 20A0 22FB B2D5"))))
      (channel
       (name 'pantherx)
       (url "https://codeberg.org/gofranz/panther.git")
       (branch "master")
       (commit "722d4c5fb01b28651aeab9f16ec7aa0ee16f29a2")
       (introduction
        (make-channel-introduction
         "54b4056ac571611892c743b65f4c47dc298c49da"
         (openpgp-fingerprint
          "A36A D41E ECC7 A871 1003  5D24 524F EB1A 9D33 C9CB"))))
      (channel
       (name 'rosenthal)
       (url "https://codeberg.org/hako/rosenthal.git")
       (branch "trunk")
       (commit "1f35f0e393dc3af2f1643ac3166e4075c5a85cf3")
       (introduction
        (make-channel-introduction
         "7677db76330121a901604dfbad19077893865f35"
         (openpgp-fingerprint
          "13E7 6CD6 E649 C28C 3385  4DF5 5E5A A665 6149 17F7")))))
