(list (channel
       (name 'guix)
       (url "https://git.guix.gnu.org/guix.git")
       (branch "master")
       (commit "77ac8d73ffe36a4c8ad506f6e325edc74e95bb6e")
       (introduction
        (make-channel-introduction
         "9edb3f66fd807b096b48283debdcddccfea34bad"
         (openpgp-fingerprint
          "BBB0 2DDF 2CEA F6A8 0D1D  E643 A2A0 6DF2 A33A 54FA"))))
      (channel
       (name 'jeans)
       (url "https://github.com/ShineBreaker/jeans.git")
       (branch "main")
       (commit "26c125e2ac86f2a85e1f8f33770e4d15f70984ff")
       (introduction
        (make-channel-introduction
         "1e30ccbcaef375169d453d89d8186137bc32d9e8"
         (openpgp-fingerprint
          "6271 1D5E 9CCD EC69 07CA  DBF8 8637 1322 2257 1907"))))
      (channel
       (name 'nonguix)
       (url "https://gitlab.com/nonguix/nonguix")
       (branch "master")
       (commit "3ed7c207c59dde11a97db483cad4c96eae1a10c4")
       (introduction
        (make-channel-introduction
         "897c1a470da759236cc11798f4e0a5f7d4d59fbc"
         (openpgp-fingerprint
          "2A39 3FFF 68F4 EF7A 3D29  12AF 6F51 20A0 22FB B2D5"))))
      (channel
       (name 'pantherx)
       (url "https://codeberg.org/gofranz/panther.git")
       (branch "master")
       (commit "7292f35774b54e52fc4f199676574b97fb0fcdf0")
       (introduction
        (make-channel-introduction
         "54b4056ac571611892c743b65f4c47dc298c49da"
         (openpgp-fingerprint
          "A36A D41E ECC7 A871 1003  5D24 524F EB1A 9D33 C9CB"))))
      (channel
       (name 'rosenthal)
       (url "https://codeberg.org/hako/rosenthal.git")
       (branch "trunk")
       (commit "2889a00542cc17b21fb90f4e6a43cb7679de0db7")
       (introduction
        (make-channel-introduction
         "7677db76330121a901604dfbad19077893865f35"
         (openpgp-fingerprint
          "13E7 6CD6 E649 C28C 3385  4DF5 5E5A A665 6149 17F7"))))
      (channel
       (name 'sops-guix)
       (url "https://github.com/fishinthecalculator/sops-guix.git")
       (branch "main")
       (commit "c53e27e533836ea8595626ba6796dee5362f8c4a")
       (introduction
        (make-channel-introduction
         "0bbaf1fdd25266c7df790f65640aaa01e6d2dbc9"
         (openpgp-fingerprint
          "8D10 60B9 6BB8 292E 829B  7249 AED4 1CC1 93B7 01E2")))))
