(list (channel
       (name 'guix)
       (url "https://git.guix.gnu.org/guix.git")
       (branch "master")
       (commit "41ab1cb9e44aca2f77534d4d2fa4386b039f74f9")
       (introduction
        (make-channel-introduction
         "9edb3f66fd807b096b48283debdcddccfea34bad"
         (openpgp-fingerprint
          "BBB0 2DDF 2CEA F6A8 0D1D  E643 A2A0 6DF2 A33A 54FA"))))
      (channel
       (name 'jeans)
       (url "https://codeberg.org/BrokenShine/jeans.git")
       (branch "main")
       (commit "012bd065d04cc5adcabe30700de11a51b11b87c2")
       (introduction
        (make-channel-introduction
         "1e30ccbcaef375169d453d89d8186137bc32d9e8"
         (openpgp-fingerprint
          "6271 1D5E 9CCD EC69 07CA  DBF8 8637 1322 2257 1907"))))
      (channel
       (name 'nonguix)
       (url "https://gitlab.com/nonguix/nonguix")
       (branch "master")
       (commit "626c946a89a6b0fab6fd49dc1ad8b9e07695c91b")
       (introduction
        (make-channel-introduction
         "897c1a470da759236cc11798f4e0a5f7d4d59fbc"
         (openpgp-fingerprint
          "2A39 3FFF 68F4 EF7A 3D29  12AF 6F51 20A0 22FB B2D5"))))
      (channel
       (name 'rosenthal)
       (url "https://codeberg.org/hako/rosenthal.git")
       (branch "trunk")
       (commit "06e96dcf9ecbf9315432e443afbbedb8210b49f7")
       (introduction
        (make-channel-introduction
         "7677db76330121a901604dfbad19077893865f35"
         (openpgp-fingerprint
          "13E7 6CD6 E649 C28C 3385  4DF5 5E5A A665 6149 17F7")))))
